PODS:
  - Alamofire (5.6.1)
  - IQKeyboardManager (6.5.10)
  - KeychainAccess (4.2.2)
  - Kingfisher (7.2.2)
  - Moya/Core (15.0.0):
    - Alamofire (~> 5.0)
  - Moya/RxSwift (15.0.0):
    - Moya/Core
    - RxSwift (~> 6.0)
  - RxCocoa (6.5.0):
    - RxRelay (= 6.5.0)
    - RxSwift (= 6.5.0)
  - RxRelay (6.5.0):
    - RxSwift (= 6.5.0)
  - RxSwift (6.5.0)
  - SwiftGen (6.5.1)

DEPENDENCIES:
  - IQKeyboardManager
  - KeychainAccess
  - Kingfisher
  - Moya/RxSwift
  - RxCocoa
  - RxSwift
  - SwiftGen (~> 6.0)

SPEC REPOS:
  trunk:
    - Alamofire
    - IQKeyboardManager
    - KeychainAccess
    - Kingfisher
    - Moya
    - RxCocoa
    - RxRelay
    - RxSwift
    - SwiftGen

SPEC CHECKSUMS:
  Alamofire: 87bd8c952f9a4454320fce00d9cc3de57bcadaf5
  IQKeyboardManager: 45a1fa55c1a5b02c61ac0fd7fd5b62bb4ad20d97
  KeychainAccess: c0c4f7f38f6fc7bbe58f5702e25f7bd2f65abf51
  Kingfisher: 184d4d1a8c36666e663caf8e08abe87898595c53
  Moya: 138f0573e53411fb3dc17016add0b748dfbd78ee
  RxCocoa: 94f817b71c07517321eb4f9ad299112ca8af743b
  RxRelay: 1de1523e604c72b6c68feadedd1af3b1b4d0ecbd
  RxSwift: 5710a9e6b17f3c3d6e40d6e559b9fa1e813b2ef8
  SwiftGen: a6d22010845f08fe18fbdf3a07a8e380fd22e0ea

PODFILE CHECKSUM: 0919fed122c74b1c06374fade85695f8de08d18b

COCOAPODS: 1.11.3
